
Microsoft Visual Studio Solution File, Format Version 12.00
# Visual Studio Version 16
VisualStudioVersion = 16.0.29613.14
MinimumVisualStudioVersion = 10.0.40219.1
Project("{FAE04EC0-301F-11D3-BF4B-00C04F79EFBC}") = "AutoServiceApp", "AutoServiceApp\AutoServiceApp.csproj", "{1BF4D4E2-21DD-47C8-90FF-5EAEEBD055CC}"
EndProject
Project("{FAE04EC0-301F-11D3-BF4B-00C04F79EFBC}") = "CheckStringLibrary", "CheckStringLibrary\CheckStringLibrary.csproj", "{C054DE24-67BC-477D-8830-77706BC6DDB7}"
EndProject
Global
	GlobalSection(SolutionConfigurationPlatforms) = preSolution
		Debug|Any CPU = Debug|Any CPU
		Release|Any CPU = Release|Any CPU
	EndGlobalSection
	GlobalSection(ProjectConfigurationPlatforms) = postSolution
		{1BF4D4E2-21DD-47C8-90FF-5EAEEBD055CC}.Debug|Any CPU.ActiveCfg = Debug|Any CPU
		{1BF4D4E2-21DD-47C8-90FF-5EAEEBD055CC}.Debug|Any CPU.Build.0 = Debug|Any CPU
		{1BF4D4E2-21DD-47C8-90FF-5EAEEBD055CC}.Release|Any CPU.ActiveCfg = Release|Any CPU
		{1BF4D4E2-21DD-47C8-90FF-5EAEEBD055CC}.Release|Any CPU.Build.0 = Release|Any CPU
		{C054DE24-67BC-477D-8830-77706BC6DDB7}.Debug|Any CPU.ActiveCfg = Debug|Any CPU
		{C054DE24-67BC-477D-8830-77706BC6DDB7}.Debug|Any CPU.Build.0 = Debug|Any CPU
		{C054DE24-67BC-477D-8830-77706BC6DDB7}.Release|Any CPU.ActiveCfg = Release|Any CPU
		{C054DE24-67BC-477D-8830-77706BC6DDB7}.Release|Any CPU.Build.0 = Release|Any CPU
	EndGlobalSection
	GlobalSection(SolutionProperties) = preSolution
		HideSolutionNode = FALSE
	EndGlobalSection
	GlobalSection(ExtensibilityGlobals) = postSolution
		SolutionGuid = {946706ED-DFDD-4DAD-95C9-8703DEE4BA48}
	EndGlobalSection
EndGlobal
